
Microsoft Visual Studio Solution File, Format Version 12.00
# Visual Studio Version 16
VisualStudioVersion = 16.0.30523.141
MinimumVisualStudioVersion = 10.0.40219.1
Project("{2150E333-8FDC-42A3-9474-1A3956D46DE8}") = "Util", "Util", "{6BA08FB3-0213-463C-BC76-86BBCC371BCB}"
EndProject
Project("{9A19103F-16F7-4668-BE54-9A1E7A4F7556}") = "LogUtil", "LogUtil\LogUtil.csproj", "{AD7BC14E-9C13-4A67-BFE9-06E5BC945CD0}"
EndProject
Project("{9A19103F-16F7-4668-BE54-9A1E7A4F7556}") = "Domain", "Domain\Domain.csproj", "{F9031297-0F64-4BD9-AA2B-E387291A401D}"
EndProject
Project("{9A19103F-16F7-4668-BE54-9A1E7A4F7556}") = "apiCadastro", "apiCadastro\apiCadastro.csproj", "{408CC473-4DD8-4F68-8374-B80E9156E9AB}"
EndProject
Project("{E53339B2-1760-4266-BCC7-CA923CBCF16C}") = "docker-compose", "docker-compose.dcproj", "{62804FEE-9C30-49A3-B893-93C01C005329}"
EndProject
Global
	GlobalSection(SolutionConfigurationPlatforms) = preSolution
		Debug|Any CPU = Debug|Any CPU
		Release|Any CPU = Release|Any CPU
	EndGlobalSection
	GlobalSection(ProjectConfigurationPlatforms) = postSolution
		{AD7BC14E-9C13-4A67-BFE9-06E5BC945CD0}.Debug|Any CPU.ActiveCfg = Debug|Any CPU
		{AD7BC14E-9C13-4A67-BFE9-06E5BC945CD0}.Debug|Any CPU.Build.0 = Debug|Any CPU
		{AD7BC14E-9C13-4A67-BFE9-06E5BC945CD0}.Release|Any CPU.ActiveCfg = Release|Any CPU
		{AD7BC14E-9C13-4A67-BFE9-06E5BC945CD0}.Release|Any CPU.Build.0 = Release|Any CPU
		{F9031297-0F64-4BD9-AA2B-E387291A401D}.Debug|Any CPU.ActiveCfg = Debug|Any CPU
		{F9031297-0F64-4BD9-AA2B-E387291A401D}.Debug|Any CPU.Build.0 = Debug|Any CPU
		{F9031297-0F64-4BD9-AA2B-E387291A401D}.Release|Any CPU.ActiveCfg = Release|Any CPU
		{F9031297-0F64-4BD9-AA2B-E387291A401D}.Release|Any CPU.Build.0 = Release|Any CPU
		{408CC473-4DD8-4F68-8374-B80E9156E9AB}.Debug|Any CPU.ActiveCfg = Debug|Any CPU
		{408CC473-4DD8-4F68-8374-B80E9156E9AB}.Debug|Any CPU.Build.0 = Debug|Any CPU
		{408CC473-4DD8-4F68-8374-B80E9156E9AB}.Release|Any CPU.ActiveCfg = Release|Any CPU
		{408CC473-4DD8-4F68-8374-B80E9156E9AB}.Release|Any CPU.Build.0 = Release|Any CPU
		{62804FEE-9C30-49A3-B893-93C01C005329}.Debug|Any CPU.ActiveCfg = Debug|Any CPU
		{62804FEE-9C30-49A3-B893-93C01C005329}.Debug|Any CPU.Build.0 = Debug|Any CPU
		{62804FEE-9C30-49A3-B893-93C01C005329}.Release|Any CPU.ActiveCfg = Release|Any CPU
		{62804FEE-9C30-49A3-B893-93C01C005329}.Release|Any CPU.Build.0 = Release|Any CPU
	EndGlobalSection
	GlobalSection(SolutionProperties) = preSolution
		HideSolutionNode = FALSE
	EndGlobalSection
	GlobalSection(NestedProjects) = preSolution
		{AD7BC14E-9C13-4A67-BFE9-06E5BC945CD0} = {6BA08FB3-0213-463C-BC76-86BBCC371BCB}
		{F9031297-0F64-4BD9-AA2B-E387291A401D} = {6BA08FB3-0213-463C-BC76-86BBCC371BCB}
	EndGlobalSection
	GlobalSection(ExtensibilityGlobals) = postSolution
		SolutionGuid = {69804885-24CB-4DAE-96CD-FFF2C8979ECA}
	EndGlobalSection
EndGlobal
